
Microsoft Visual Studio Solution File, Format Version 12.00
# Visual Studio Version 16
VisualStudioVersion = 16.0.31829.152
MinimumVisualStudioVersion = 10.0.40219.1
Project("{FAE04EC0-301F-11D3-BF4B-00C04F79EFBC}") = "aDhOLE", "aDhOLE\aDhOLE.csproj", "{12DC354B-C110-4EF0-A703-0ACF98264BDB}"
EndProject
Global
	GlobalSection(SolutionConfigurationPlatforms) = preSolution
		Debug|Any CPU = Debug|Any CPU
		Release|Any CPU = Release|Any CPU
	EndGlobalSection
	GlobalSection(ProjectConfigurationPlatforms) = postSolution
		{12DC354B-C110-4EF0-A703-0ACF98264BDB}.Debug|Any CPU.ActiveCfg = Debug|Any CPU
		{12DC354B-C110-4EF0-A703-0ACF98264BDB}.Debug|Any CPU.Build.0 = Debug|Any CPU
		{12DC354B-C110-4EF0-A703-0ACF98264BDB}.Release|Any CPU.ActiveCfg = Release|Any CPU
		{12DC354B-C110-4EF0-A703-0ACF98264BDB}.Release|Any CPU.Build.0 = Release|Any CPU
	EndGlobalSection
	GlobalSection(SolutionProperties) = preSolution
		HideSolutionNode = FALSE
	EndGlobalSection
	GlobalSection(ExtensibilityGlobals) = postSolution
		SolutionGuid = {0C7FE983-EE58-4A74-8F31-A5395EC80F67}
	EndGlobalSection
EndGlobal
